
Microsoft Visual Studio Solution File, Format Version 12.00
# Visual Studio Version 17
VisualStudioVersion = 17.8.34525.116
MinimumVisualStudioVersion = 10.0.40219.1
Project("{9A19103F-16F7-4668-BE54-9A1E7A4F7556}") = "IPCSharedMemory", "IPCSharedMemory\IPCSharedMemory.csproj", "{B5D4DA46-7E3F-43EF-A9AF-8CAA44158B0B}"
EndProject
Project("{9A19103F-16F7-4668-BE54-9A1E7A4F7556}") = "IPCServerTest", "IPCServerTest\IPCServerTest.csproj", "{A19E62DB-6F06-4207-A03E-A29F9B357BF1}"
EndProject
Project("{9A19103F-16F7-4668-BE54-9A1E7A4F7556}") = "IPCClientTest", "IPCClientTest\IPCClientTest.csproj", "{718CB143-FE63-4F5F-938D-0DEA454AC5BD}"
EndProject
Global
	GlobalSection(SolutionConfigurationPlatforms) = preSolution
		Debug|Any CPU = Debug|Any CPU
		Release|Any CPU = Release|Any CPU
	EndGlobalSection
	GlobalSection(ProjectConfigurationPlatforms) = postSolution
		{B5D4DA46-7E3F-43EF-A9AF-8CAA44158B0B}.Debug|Any CPU.ActiveCfg = Debug|Any CPU
		{B5D4DA46-7E3F-43EF-A9AF-8CAA44158B0B}.Debug|Any CPU.Build.0 = Debug|Any CPU
		{B5D4DA46-7E3F-43EF-A9AF-8CAA44158B0B}.Release|Any CPU.ActiveCfg = Release|Any CPU
		{B5D4DA46-7E3F-43EF-A9AF-8CAA44158B0B}.Release|Any CPU.Build.0 = Release|Any CPU
		{A19E62DB-6F06-4207-A03E-A29F9B357BF1}.Debug|Any CPU.ActiveCfg = Debug|Any CPU
		{A19E62DB-6F06-4207-A03E-A29F9B357BF1}.Debug|Any CPU.Build.0 = Debug|Any CPU
		{A19E62DB-6F06-4207-A03E-A29F9B357BF1}.Release|Any CPU.ActiveCfg = Release|Any CPU
		{A19E62DB-6F06-4207-A03E-A29F9B357BF1}.Release|Any CPU.Build.0 = Release|Any CPU
		{718CB143-FE63-4F5F-938D-0DEA454AC5BD}.Debug|Any CPU.ActiveCfg = Debug|Any CPU
		{718CB143-FE63-4F5F-938D-0DEA454AC5BD}.Debug|Any CPU.Build.0 = Debug|Any CPU
		{718CB143-FE63-4F5F-938D-0DEA454AC5BD}.Release|Any CPU.ActiveCfg = Release|Any CPU
		{718CB143-FE63-4F5F-938D-0DEA454AC5BD}.Release|Any CPU.Build.0 = Release|Any CPU
	EndGlobalSection
	GlobalSection(SolutionProperties) = preSolution
		HideSolutionNode = FALSE
	EndGlobalSection
	GlobalSection(ExtensibilityGlobals) = postSolution
		SolutionGuid = {E38610B4-B874-4DBB-A3A2-53E153B18CA0}
	EndGlobalSection
EndGlobal
