
Microsoft Visual Studio Solution File, Format Version 12.00
# Visual Studio Version 17
VisualStudioVersion = 17.8.34511.84
MinimumVisualStudioVersion = 10.0.40219.1
Project("{FAE04EC0-301F-11D3-BF4B-00C04F79EFBC}") = "IPCServerTest", "IPCServerTest.csproj", "{AFD7B0BF-73C9-4213-8764-CCB6FF9D123A}"
EndProject
Project("{FAE04EC0-301F-11D3-BF4B-00C04F79EFBC}") = "IPCClientTest", "..\IPCClientTest\IPCClientTest.csproj", "{75C6529F-8260-4A88-9D2E-E055B84F6396}"
EndProject
Project("{FAE04EC0-301F-11D3-BF4B-00C04F79EFBC}") = "IPCSharedMemory", "..\IPCSharedMemory\IPCSharedMemory.csproj", "{CAC24581-6655-46F8-9570-529567C07C06}"
EndProject
Global
	GlobalSection(SolutionConfigurationPlatforms) = preSolution
		Debug|Any CPU = Debug|Any CPU
		Release|Any CPU = Release|Any CPU
	EndGlobalSection
	GlobalSection(ProjectConfigurationPlatforms) = postSolution
		{AFD7B0BF-73C9-4213-8764-CCB6FF9D123A}.Debug|Any CPU.ActiveCfg = Debug|Any CPU
		{AFD7B0BF-73C9-4213-8764-CCB6FF9D123A}.Debug|Any CPU.Build.0 = Debug|Any CPU
		{AFD7B0BF-73C9-4213-8764-CCB6FF9D123A}.Release|Any CPU.ActiveCfg = Release|Any CPU
		{AFD7B0BF-73C9-4213-8764-CCB6FF9D123A}.Release|Any CPU.Build.0 = Release|Any CPU
		{75C6529F-8260-4A88-9D2E-E055B84F6396}.Debug|Any CPU.ActiveCfg = Debug|Any CPU
		{75C6529F-8260-4A88-9D2E-E055B84F6396}.Debug|Any CPU.Build.0 = Debug|Any CPU
		{75C6529F-8260-4A88-9D2E-E055B84F6396}.Release|Any CPU.ActiveCfg = Release|Any CPU
		{75C6529F-8260-4A88-9D2E-E055B84F6396}.Release|Any CPU.Build.0 = Release|Any CPU
		{CAC24581-6655-46F8-9570-529567C07C06}.Debug|Any CPU.ActiveCfg = Debug|Any CPU
		{CAC24581-6655-46F8-9570-529567C07C06}.Debug|Any CPU.Build.0 = Debug|Any CPU
		{CAC24581-6655-46F8-9570-529567C07C06}.Release|Any CPU.ActiveCfg = Release|Any CPU
		{CAC24581-6655-46F8-9570-529567C07C06}.Release|Any CPU.Build.0 = Release|Any CPU
	EndGlobalSection
	GlobalSection(SolutionProperties) = preSolution
		HideSolutionNode = FALSE
	EndGlobalSection
	GlobalSection(ExtensibilityGlobals) = postSolution
		SolutionGuid = {F8D51136-9E84-4100-A9A5-CD643315A0D9}
	EndGlobalSection
EndGlobal
